
Microsoft Visual Studio Solution File, Format Version 12.00
Project("{2150E333-8FDC-42A3-9474-1A3956D46DE8}") = "API", "API", "{AAEF9491-6590-4F60-860F-FE8D1AFB3A3C}"
EndProject
Project("{2150E333-8FDC-42A3-9474-1A3956D46DE8}") = "BuildingBlocks", "BuildingBlocks", "{34BB1C9B-94B3-4FEA-B81A-E904C086DE13}"
EndProject
Project("{2150E333-8FDC-42A3-9474-1A3956D46DE8}") = "Modules", "Modules", "{4B0D2D7D-5AB5-4A6E-9DC5-6DDACC9DD478}"
EndProject
Project("{FAE04EC0-301F-11D3-BF4B-00C04F79EFBC}") = "Library.API", "Library.API\Library.API.csproj", "{A63586CB-EF0E-4E62-86B0-CC1E778B21E0}"
EndProject
Project("{FAE04EC0-301F-11D3-BF4B-00C04F79EFBC}") = "Library.BuildingBlocks.Domain", "Library.BuildingBlocks.Domain\Library.BuildingBlocks.Domain.csproj", "{CE386ECF-D06C-4EC3-AAB7-481C074A9AA5}"
EndProject
Project("{2150E333-8FDC-42A3-9474-1A3956D46DE8}") = "Tests", "Tests", "{7989E013-68A5-46E0-AA15-42F6796B204E}"
EndProject
Project("{FAE04EC0-301F-11D3-BF4B-00C04F79EFBC}") = "Library.BuildingBlocks.Domain.UnitTests", "Library.BuildingBlocks.Domain.UnitTests\Library.BuildingBlocks.Domain.UnitTests.csproj", "{B75BF5D8-BACE-46CE-B9E8-B01D40B71A65}"
EndProject
Project("{2150E333-8FDC-42A3-9474-1A3956D46DE8}") = "Circulation", "Circulation", "{A0057E5A-DAF6-4612-B622-B34DB6E1A302}"
EndProject
Project("{2150E333-8FDC-42A3-9474-1A3956D46DE8}") = "Catalogue", "Catalogue", "{80E46912-471F-4AE2-904B-CCAFDF883568}"
EndProject
Project("{2150E333-8FDC-42A3-9474-1A3956D46DE8}") = "Reservation", "Reservation", "{CE8930E6-AE9D-4356-826A-281772D3E22D}"
EndProject
Project("{FAE04EC0-301F-11D3-BF4B-00C04F79EFBC}") = "Library.Modules.Reservation.Domain", "Library.Modules.Reservation.Domain\Library.Modules.Reservation.Domain.csproj", "{F5E46459-AD2A-4FFA-AAAB-B0025E4BA01C}"
EndProject
Project("{2150E333-8FDC-42A3-9474-1A3956D46DE8}") = "Tests", "Tests", "{9D565BFC-514A-494C-8C92-BFDBA8A056D1}"
EndProject
Project("{FAE04EC0-301F-11D3-BF4B-00C04F79EFBC}") = "Library.Modules.Reservation.Domain.UnitTests", "Library.Modules.Reservation.Domain.UnitTests\Library.Modules.Reservation.Domain.UnitTests.csproj", "{E66ADA6B-479F-44CB-9EBF-940B62A84A96}"
EndProject
Project("{FAE04EC0-301F-11D3-BF4B-00C04F79EFBC}") = "Library.Modules.Reservation.Application", "Library.Modules.Reservation.Application\Library.Modules.Reservation.Application.csproj", "{444E3275-AD02-43DD-BF1E-11773C02C04E}"
EndProject
Project("{FAE04EC0-301F-11D3-BF4B-00C04F79EFBC}") = "Library.Modules.Reservation.Infrastructure", "Library.Modules.Reservation.Infrastructure\Library.Modules.Reservation.Infrastructure.csproj", "{38F254F5-7A08-4F44-AD8B-0926E97AAAE8}"
EndProject
Project("{FAE04EC0-301F-11D3-BF4B-00C04F79EFBC}") = "Library.BuildingBlocks.Application", "Library.BuildingBlocks.Application\Library.BuildingBlocks.Application.csproj", "{F4BAE4AD-0CFE-49FF-8653-A3BF3B678236}"
EndProject
Project("{FAE04EC0-301F-11D3-BF4B-00C04F79EFBC}") = "Library.BuildingBlocks.Infrastructure", "Library.BuildingBlocks.Infrastructure\Library.BuildingBlocks.Infrastructure.csproj", "{50196293-BBD9-4359-BB5B-732867835286}"
EndProject
Project("{FAE04EC0-301F-11D3-BF4B-00C04F79EFBC}") = "Library.Modules.Reservation.ArchTests", "Library.Modules.Reservation.ArchTests\Library.Modules.Reservation.ArchTests.csproj", "{D19D608B-E593-4572-A40C-FA4201D28DDA}"
EndProject
Project("{2150E333-8FDC-42A3-9474-1A3956D46DE8}") = "Database", "Database", "{0A8F97C6-B9C1-47E0-AC1C-11A14B44FE05}"
EndProject
Project("{FAE04EC0-301F-11D3-BF4B-00C04F79EFBC}") = "Library.Database.Migrator", "Database\Library.Database.Migrator\Library.Database.Migrator.csproj", "{572D47EB-8AA7-4B55-B497-2F2DAB28DD73}"
EndProject
Global
	GlobalSection(SolutionConfigurationPlatforms) = preSolution
		Debug|Any CPU = Debug|Any CPU
		Release|Any CPU = Release|Any CPU
	EndGlobalSection
	GlobalSection(ProjectConfigurationPlatforms) = postSolution
		{A63586CB-EF0E-4E62-86B0-CC1E778B21E0}.Debug|Any CPU.ActiveCfg = Debug|Any CPU
		{A63586CB-EF0E-4E62-86B0-CC1E778B21E0}.Debug|Any CPU.Build.0 = Debug|Any CPU
		{A63586CB-EF0E-4E62-86B0-CC1E778B21E0}.Release|Any CPU.ActiveCfg = Release|Any CPU
		{A63586CB-EF0E-4E62-86B0-CC1E778B21E0}.Release|Any CPU.Build.0 = Release|Any CPU
		{CE386ECF-D06C-4EC3-AAB7-481C074A9AA5}.Debug|Any CPU.ActiveCfg = Debug|Any CPU
		{CE386ECF-D06C-4EC3-AAB7-481C074A9AA5}.Debug|Any CPU.Build.0 = Debug|Any CPU
		{CE386ECF-D06C-4EC3-AAB7-481C074A9AA5}.Release|Any CPU.ActiveCfg = Release|Any CPU
		{CE386ECF-D06C-4EC3-AAB7-481C074A9AA5}.Release|Any CPU.Build.0 = Release|Any CPU
		{B75BF5D8-BACE-46CE-B9E8-B01D40B71A65}.Debug|Any CPU.ActiveCfg = Debug|Any CPU
		{B75BF5D8-BACE-46CE-B9E8-B01D40B71A65}.Debug|Any CPU.Build.0 = Debug|Any CPU
		{B75BF5D8-BACE-46CE-B9E8-B01D40B71A65}.Release|Any CPU.ActiveCfg = Release|Any CPU
		{B75BF5D8-BACE-46CE-B9E8-B01D40B71A65}.Release|Any CPU.Build.0 = Release|Any CPU
		{F5E46459-AD2A-4FFA-AAAB-B0025E4BA01C}.Debug|Any CPU.ActiveCfg = Debug|Any CPU
		{F5E46459-AD2A-4FFA-AAAB-B0025E4BA01C}.Debug|Any CPU.Build.0 = Debug|Any CPU
		{F5E46459-AD2A-4FFA-AAAB-B0025E4BA01C}.Release|Any CPU.ActiveCfg = Release|Any CPU
		{F5E46459-AD2A-4FFA-AAAB-B0025E4BA01C}.Release|Any CPU.Build.0 = Release|Any CPU
		{E66ADA6B-479F-44CB-9EBF-940B62A84A96}.Debug|Any CPU.ActiveCfg = Debug|Any CPU
		{E66ADA6B-479F-44CB-9EBF-940B62A84A96}.Debug|Any CPU.Build.0 = Debug|Any CPU
		{E66ADA6B-479F-44CB-9EBF-940B62A84A96}.Release|Any CPU.ActiveCfg = Release|Any CPU
		{E66ADA6B-479F-44CB-9EBF-940B62A84A96}.Release|Any CPU.Build.0 = Release|Any CPU
		{444E3275-AD02-43DD-BF1E-11773C02C04E}.Debug|Any CPU.ActiveCfg = Debug|Any CPU
		{444E3275-AD02-43DD-BF1E-11773C02C04E}.Debug|Any CPU.Build.0 = Debug|Any CPU
		{444E3275-AD02-43DD-BF1E-11773C02C04E}.Release|Any CPU.ActiveCfg = Release|Any CPU
		{444E3275-AD02-43DD-BF1E-11773C02C04E}.Release|Any CPU.Build.0 = Release|Any CPU
		{38F254F5-7A08-4F44-AD8B-0926E97AAAE8}.Debug|Any CPU.ActiveCfg = Debug|Any CPU
		{38F254F5-7A08-4F44-AD8B-0926E97AAAE8}.Debug|Any CPU.Build.0 = Debug|Any CPU
		{38F254F5-7A08-4F44-AD8B-0926E97AAAE8}.Release|Any CPU.ActiveCfg = Release|Any CPU
		{38F254F5-7A08-4F44-AD8B-0926E97AAAE8}.Release|Any CPU.Build.0 = Release|Any CPU
		{F4BAE4AD-0CFE-49FF-8653-A3BF3B678236}.Debug|Any CPU.ActiveCfg = Debug|Any CPU
		{F4BAE4AD-0CFE-49FF-8653-A3BF3B678236}.Debug|Any CPU.Build.0 = Debug|Any CPU
		{F4BAE4AD-0CFE-49FF-8653-A3BF3B678236}.Release|Any CPU.ActiveCfg = Release|Any CPU
		{F4BAE4AD-0CFE-49FF-8653-A3BF3B678236}.Release|Any CPU.Build.0 = Release|Any CPU
		{50196293-BBD9-4359-BB5B-732867835286}.Debug|Any CPU.ActiveCfg = Debug|Any CPU
		{50196293-BBD9-4359-BB5B-732867835286}.Debug|Any CPU.Build.0 = Debug|Any CPU
		{50196293-BBD9-4359-BB5B-732867835286}.Release|Any CPU.ActiveCfg = Release|Any CPU
		{50196293-BBD9-4359-BB5B-732867835286}.Release|Any CPU.Build.0 = Release|Any CPU
		{D19D608B-E593-4572-A40C-FA4201D28DDA}.Debug|Any CPU.ActiveCfg = Debug|Any CPU
		{D19D608B-E593-4572-A40C-FA4201D28DDA}.Debug|Any CPU.Build.0 = Debug|Any CPU
		{D19D608B-E593-4572-A40C-FA4201D28DDA}.Release|Any CPU.ActiveCfg = Release|Any CPU
		{D19D608B-E593-4572-A40C-FA4201D28DDA}.Release|Any CPU.Build.0 = Release|Any CPU
		{572D47EB-8AA7-4B55-B497-2F2DAB28DD73}.Debug|Any CPU.ActiveCfg = Debug|Any CPU
		{572D47EB-8AA7-4B55-B497-2F2DAB28DD73}.Debug|Any CPU.Build.0 = Debug|Any CPU
		{572D47EB-8AA7-4B55-B497-2F2DAB28DD73}.Release|Any CPU.ActiveCfg = Release|Any CPU
		{572D47EB-8AA7-4B55-B497-2F2DAB28DD73}.Release|Any CPU.Build.0 = Release|Any CPU
	EndGlobalSection
	GlobalSection(SolutionProperties) = preSolution
		HideSolutionNode = FALSE
	EndGlobalSection
	GlobalSection(NestedProjects) = preSolution
		{A63586CB-EF0E-4E62-86B0-CC1E778B21E0} = {AAEF9491-6590-4F60-860F-FE8D1AFB3A3C}
		{CE386ECF-D06C-4EC3-AAB7-481C074A9AA5} = {34BB1C9B-94B3-4FEA-B81A-E904C086DE13}
		{7989E013-68A5-46E0-AA15-42F6796B204E} = {34BB1C9B-94B3-4FEA-B81A-E904C086DE13}
		{B75BF5D8-BACE-46CE-B9E8-B01D40B71A65} = {7989E013-68A5-46E0-AA15-42F6796B204E}
		{A0057E5A-DAF6-4612-B622-B34DB6E1A302} = {4B0D2D7D-5AB5-4A6E-9DC5-6DDACC9DD478}
		{80E46912-471F-4AE2-904B-CCAFDF883568} = {4B0D2D7D-5AB5-4A6E-9DC5-6DDACC9DD478}
		{CE8930E6-AE9D-4356-826A-281772D3E22D} = {4B0D2D7D-5AB5-4A6E-9DC5-6DDACC9DD478}
		{F5E46459-AD2A-4FFA-AAAB-B0025E4BA01C} = {CE8930E6-AE9D-4356-826A-281772D3E22D}
		{9D565BFC-514A-494C-8C92-BFDBA8A056D1} = {CE8930E6-AE9D-4356-826A-281772D3E22D}
		{E66ADA6B-479F-44CB-9EBF-940B62A84A96} = {9D565BFC-514A-494C-8C92-BFDBA8A056D1}
		{444E3275-AD02-43DD-BF1E-11773C02C04E} = {CE8930E6-AE9D-4356-826A-281772D3E22D}
		{38F254F5-7A08-4F44-AD8B-0926E97AAAE8} = {CE8930E6-AE9D-4356-826A-281772D3E22D}
		{F4BAE4AD-0CFE-49FF-8653-A3BF3B678236} = {34BB1C9B-94B3-4FEA-B81A-E904C086DE13}
		{50196293-BBD9-4359-BB5B-732867835286} = {34BB1C9B-94B3-4FEA-B81A-E904C086DE13}
		{D19D608B-E593-4572-A40C-FA4201D28DDA} = {9D565BFC-514A-494C-8C92-BFDBA8A056D1}
		{572D47EB-8AA7-4B55-B497-2F2DAB28DD73} = {0A8F97C6-B9C1-47E0-AC1C-11A14B44FE05}
	EndGlobalSection
	GlobalSection(ExtensibilityGlobals) = postSolution
		SolutionGuid = {01232196-1024-44C3-A3D3-63D96C719D09}
	EndGlobalSection
EndGlobal
